<?xml version="1.0" encoding="utf-8"?>
<Project ToolsVersion="4.0" xmlns="http://schemas.microsoft.com/developer/msbuild/2003">
  <ItemGroup>
    <Filter Include="src">
      <UniqueIdentifier>{6813a458-f65b-4ef1-bc9a-9e8e307da3c3}</UniqueIdentifier>
    </Filter>
  </ItemGroup>
  <ItemGroup>
    <ClInclude Include="..\..\src\boxutil.h">
      <Filter>src</Filter>
    </ClInclude>
    <ClInclude Include="..\..\src\bytearray.h">
      <Filter>src</Filter>
    </ClInclude>
    <ClInclude Include="..\..\src\conversions.h">
      <Filter>src</Filter>
    </ClInclude>
    <ClInclude Include="..\..\src\exceptionbase.h">
      <Filter>src</Filter>
    </ClInclude>
    <ClInclude Include="..\..\src\logger.h">
      <Filter>src</Filter>
    </ClInclude>
    <ClInclude Include="..\..\src\managedbuffer.h">
      <Filter>src</Filter>
    </ClInclude>
    <ClInclude Include="..\..\src\managedfile.h">
      <Filter>src</Filter>
    </ClInclude>
    <ClInclude Include="..\..\src\stringmanip.h">
      <Filter>src</Filter>
    </ClInclude>
    <ClInclude Include="..\..\src\strveccont.h">
      <Filter>src</Filter>
    </ClInclude>
    <ClInclude Include="..\..\src\datehelper.h">
      <Filter>src</Filter>
    </ClInclude>
    <ClInclude Include="..\..\src\sysutil.h">
      <Filter>src</Filter>
    </ClInclude>
  </ItemGroup>
  <ItemGroup>
    <ClCompile Include="..\..\src\bytearray.cpp">
      <Filter>src</Filter>
    </ClCompile>
    <ClCompile Include="..\..\src\conversions.cpp">
      <Filter>src</Filter>
    </ClCompile>
    <ClCompile Include="..\..\src\exceptionbase.cpp">
      <Filter>src</Filter>
    </ClCompile>
    <ClCompile Include="..\..\src\logger.cpp">
      <Filter>src</Filter>
    </ClCompile>
    <ClCompile Include="..\..\src\stringmanip.cpp">
      <Filter>src</Filter>
    </ClCompile>
    <ClCompile Include="..\..\src\strveccont.cpp">
      <Filter>src</Filter>
    </ClCompile>
    <ClCompile Include="..\..\src\datehelper.cpp">
      <Filter>src</Filter>
    </ClCompile>
    <ClCompile Include="..\..\src\sysutil.cpp">
      <Filter>src</Filter>
    </ClCompile>
  </ItemGroup>
</Project>